// !$*UTF8*$!
{
	archiveVersion = 1;
	classes = {
	};
	objectVersion = 50;
	objects = {

/* Begin PBXBuildFile section */
		1464D77720EAAF700061C00E /* AppDelegate.swift in Sources */ = {isa = PBXBuildFile; fileRef = 1464D77620EAAF700061C00E /* AppDelegate.swift */; };
		1464D77920EAAF700061C00E /* TodoListViewController.swift in Sources */ = {isa = PBXBuildFile; fileRef = 1464D77820EAAF700061C00E /* TodoListViewController.swift */; };
		1464D77C20EAAF700061C00E /* Main.storyboard in Resources */ = {isa = PBXBuildFile; fileRef = 1464D77A20EAAF700061C00E /* Main.storyboard */; };
		1464D77E20EAAF710061C00E /* Assets.xcassets in Resources */ = {isa = PBXBuildFile; fileRef = 1464D77D20EAAF710061C00E /* Assets.xcassets */; };
		1464D78120EAAF710061C00E /* LaunchScreen.storyboard in Resources */ = {isa = PBXBuildFile; fileRef = 1464D77F20EAAF710061C00E /* LaunchScreen.storyboard */; };
		1496742220FD51C200157BEC /* SwipeTableViewController.swift in Sources */ = {isa = PBXBuildFile; fileRef = 1496742120FD51C200157BEC /* SwipeTableViewController.swift */; };
		14AB06A120FAAF99003D8CAB /* Item.swift in Sources */ = {isa = PBXBuildFile; fileRef = 14AB06A020FAAF99003D8CAB /* Item.swift */; };
		14AB06A320FAAFA1003D8CAB /* Category.swift in Sources */ = {isa = PBXBuildFile; fileRef = 14AB06A220FAAFA1003D8CAB /* Category.swift */; };
		14B77E8B20F3A4D9008E5AE2 /* CatergoryViewController.swift in Sources */ = {isa = PBXBuildFile; fileRef = 14B77E8A20F3A4D9008E5AE2 /* CatergoryViewController.swift */; };
		BD6CE723D92DA81543B9F4A8 /* Pods_Todoey.framework in Frameworks */ = {isa = PBXBuildFile; fileRef = 9F976D8273848C999F2C6EDE /* Pods_Todoey.framework */; };
/* End PBXBuildFile section */

/* Begin PBXFileReference section */
		1464D77320EAAF6F0061C00E /* Todoey.app */ = {isa = PBXFileReference; explicitFileType = wrapper.application; includeInIndex = 0; path = Todoey.app; sourceTree = BUILT_PRODUCTS_DIR; };
		1464D77620EAAF700061C00E /* AppDelegate.swift */ = {isa = PBXFileReference; lastKnownFileType = sourcecode.swift; path = AppDelegate.swift; sourceTree = "<group>"; };
		1464D77820EAAF700061C00E /* TodoListViewController.swift */ = {isa = PBXFileReference; lastKnownFileType = sourcecode.swift; path = TodoListViewController.swift; sourceTree = "<group>"; };
		1464D77B20EAAF700061C00E /* Base */ = {isa = PBXFileReference; lastKnownFileType = file.storyboard; name = Base; path = Base.lproj/Main.storyboard; sourceTree = "<group>"; };
		1464D77D20EAAF710061C00E /* Assets.xcassets */ = {isa = PBXFileReference; lastKnownFileType = folder.assetcatalog; path = Assets.xcassets; sourceTree = "<group>"; };
		1464D78020EAAF710061C00E /* Base */ = {isa = PBXFileReference; lastKnownFileType = file.storyboard; name = Base; path = Base.lproj/LaunchScreen.storyboard; sourceTree = "<group>"; };
		1464D78220EAAF710061C00E /* Info.plist */ = {isa = PBXFileReference; lastKnownFileType = text.plist.xml; path = Info.plist; sourceTree = "<group>"; };
		1496742120FD51C200157BEC /* SwipeTableViewController.swift */ = {isa = PBXFileReference; lastKnownFileType = sourcecode.swift; path = SwipeTableViewController.swift; sourceTree = "<group>"; };
		14AB06A020FAAF99003D8CAB /* Item.swift */ = {isa = PBXFileReference; lastKnownFileType = sourcecode.swift; path = Item.swift; sourceTree = "<group>"; };
		14AB06A220FAAFA1003D8CAB /* Category.swift */ = {isa = PBXFileReference; lastKnownFileType = sourcecode.swift; path = Category.swift; sourceTree = "<group>"; };
		14B77E8A20F3A4D9008E5AE2 /* CatergoryViewController.swift */ = {isa = PBXFileReference; lastKnownFileType = sourcecode.swift; path = CatergoryViewController.swift; sourceTree = "<group>"; };
		320FA6733F091A744239A7DC /* Pods-Todoey.release.xcconfig */ = {isa = PBXFileReference; includeInIndex = 1; lastKnownFileType = text.xcconfig; name = "Pods-Todoey.release.xcconfig"; path = "Pods/Target Support Files/Pods-Todoey/Pods-Todoey.release.xcconfig"; sourceTree = "<group>"; };
		5BCDACF9A7256549C37E3659 /* Pods-Todoey.debug.xcconfig */ = {isa = PBXFileReference; includeInIndex = 1; lastKnownFileType = text.xcconfig; name = "Pods-Todoey.debug.xcconfig"; path = "Pods/Target Support Files/Pods-Todoey/Pods-Todoey.debug.xcconfig"; sourceTree = "<group>"; };
		9F976D8273848C999F2C6EDE /* Pods_Todoey.framework */ = {isa = PBXFileReference; explicitFileType = wrapper.framework; includeInIndex = 0; path = Pods_Todoey.framework; sourceTree = BUILT_PRODUCTS_DIR; };
/* End PBXFileReference section */

/* Begin PBXFrameworksBuildPhase section */
		1464D77020EAAF6F0061C00E /* Frameworks */ = {
			isa = PBXFrameworksBuildPhase;
			buildActionMask = 2147483647;
			files = (
				BD6CE723D92DA81543B9F4A8 /* Pods_Todoey.framework in Frameworks */,
			);
			runOnlyForDeploymentPostprocessing = 0;
		};
/* End PBXFrameworksBuildPhase section */

/* Begin PBXGroup section */
		1434F54120EBECA500D007FB /* Controllers */ = {
			isa = PBXGroup;
			children = (
				14B77E8A20F3A4D9008E5AE2 /* CatergoryViewController.swift */,
				1464D77820EAAF700061C00E /* TodoListViewController.swift */,
				1496742120FD51C200157BEC /* SwipeTableViewController.swift */,
			);
			path = Controllers;
			sourceTree = "<group>";
		};
		1434F54220EBECB800D007FB /* Views */ = {
			isa = PBXGroup;
			children = (
				1464D77A20EAAF700061C00E /* Main.storyboard */,
			);
			path = Views;
			sourceTree = "<group>";
		};
		1434F54320EBECC500D007FB /* Models */ = {
			isa = PBXGroup;
			children = (
				14AB06A020FAAF99003D8CAB /* Item.swift */,
				14AB06A220FAAFA1003D8CAB /* Category.swift */,
			);
			path = Models;
			sourceTree = "<group>";
		};
		1434F54420EBECE000D007FB /* Supporting Files */ = {
			isa = PBXGroup;
			children = (
				1464D77D20EAAF710061C00E /* Assets.xcassets */,
				1464D77F20EAAF710061C00E /* LaunchScreen.storyboard */,
			);
			path = "Supporting Files";
			sourceTree = "<group>";
		};
		1464D76A20EAAF6F0061C00E = {
			isa = PBXGroup;
			children = (
				1464D77520EAAF6F0061C00E /* Todoey */,
				1464D77420EAAF6F0061C00E /* Products */,
				FBE20099EC1E383CCC0BFA54 /* Pods */,
				CE2AB19B53A2020FCA34B219 /* Frameworks */,
			);
			sourceTree = "<group>";
		};
		1464D77420EAAF6F0061C00E /* Products */ = {
			isa = PBXGroup;
			children = (
				1464D77320EAAF6F0061C00E /* Todoey.app */,
			);
			name = Products;
			sourceTree = "<group>";
		};
		1464D77520EAAF6F0061C00E /* Todoey */ = {
			isa = PBXGroup;
			children = (
				1464D77620EAAF700061C00E /* AppDelegate.swift */,
				1434F54120EBECA500D007FB /* Controllers */,
				1434F54220EBECB800D007FB /* Views */,
				1434F54320EBECC500D007FB /* Models */,
				1434F54420EBECE000D007FB /* Supporting Files */,
				1464D78220EAAF710061C00E /* Info.plist */,
			);
			path = Todoey;
			sourceTree = "<group>";
		};
		CE2AB19B53A2020FCA34B219 /* Frameworks */ = {
			isa = PBXGroup;
			children = (
				9F976D8273848C999F2C6EDE /* Pods_Todoey.framework */,
			);
			name = Frameworks;
			sourceTree = "<group>";
		};
		FBE20099EC1E383CCC0BFA54 /* Pods */ = {
			isa = PBXGroup;
			children = (
				5BCDACF9A7256549C37E3659 /* Pods-Todoey.debug.xcconfig */,
				320FA6733F091A744239A7DC /* Pods-Todoey.release.xcconfig */,
			);
			name = Pods;
			sourceTree = "<group>";
		};
/* End PBXGroup section */

/* Begin PBXNativeTarget section */
		1464D77220EAAF6F0061C00E /* Todoey */ = {
			isa = PBXNativeTarget;
			buildConfigurationList = 1464D78520EAAF710061C00E /* Build configuration list for PBXNativeTarget "Todoey" */;
			buildPhases = (
				51A014D0C6AA4D8EC953743D /* [CP] Check Pods Manifest.lock */,
				1464D76F20EAAF6F0061C00E /* Sources */,
				1464D77020EAAF6F0061C00E /* Frameworks */,
				1464D77120EAAF6F0061C00E /* Resources */,
				26FBC1EF278179BEB7AAB674 /* [CP] Embed Pods Frameworks */,
			);
			buildRules = (
			);
			dependencies = (
			);
			name = Todoey;
			productName = Todoey;
			productReference = 1464D77320EAAF6F0061C00E /* Todoey.app */;
			productType = "com.apple.product-type.application";
		};
/* End PBXNativeTarget section */

/* Begin PBXProject section */
		1464D76B20EAAF6F0061C00E /* Project object */ = {
			isa = PBXProject;
			attributes = {
				LastSwiftUpdateCheck = 0930;
				LastUpgradeCheck = 0930;
				ORGANIZATIONNAME = Devdots;
				TargetAttributes = {
					1464D77220EAAF6F0061C00E = {
						CreatedOnToolsVersion = 9.3;
					};
				};
			};
			buildConfigurationList = 1464D76E20EAAF6F0061C00E /* Build configuration list for PBXProject "Todoey" */;
			compatibilityVersion = "Xcode 9.3";
			developmentRegion = en;
			hasScannedForEncodings = 0;
			knownRegions = (
				en,
				Base,
			);
			mainGroup = 1464D76A20EAAF6F0061C00E;
			productRefGroup = 1464D77420EAAF6F0061C00E /* Products */;
			projectDirPath = "";
			projectRoot = "";
			targets = (
				1464D77220EAAF6F0061C00E /* Todoey */,
			);
		};
/* End PBXProject section */

/* Begin PBXResourcesBuildPhase section */
		1464D77120EAAF6F0061C00E /* Resources */ = {
			isa = PBXResourcesBuildPhase;
			buildActionMask = 2147483647;
			files = (
				1464D78120EAAF710061C00E /* LaunchScreen.storyboard in Resources */,
				1464D77E20EAAF710061C00E /* Assets.xcassets in Resources */,
				1464D77C20EAAF700061C00E /* Main.storyboard in Resources */,
			);
			runOnlyForDeploymentPostprocessing = 0;
		};
/* End PBXResourcesBuildPhase section */

/* Begin PBXShellScriptBuildPhase section */
		26FBC1EF278179BEB7AAB674 /* [CP] Embed Pods Frameworks */ = {
			isa = PBXShellScriptBuildPhase;
			buildActionMask = 2147483647;
			files = (
			);
			inputPaths = (
				"${SRCROOT}/Pods/Target Support Files/Pods-Todoey/Pods-Todoey-frameworks.sh",
				"${BUILT_PRODUCTS_DIR}/ChameleonFramework/ChameleonFramework.framework",
				"${BUILT_PRODUCTS_DIR}/Realm/Realm.framework",
				"${BUILT_PRODUCTS_DIR}/RealmSwift/RealmSwift.framework",
				"${BUILT_PRODUCTS_DIR}/SwipeCellKit/SwipeCellKit.framework",
			);
			name = "[CP] Embed Pods Frameworks";
			outputPaths = (
				"${TARGET_BUILD_DIR}/${FRAMEWORKS_FOLDER_PATH}/ChameleonFramework.framework",
				"${TARGET_BUILD_DIR}/${FRAMEWORKS_FOLDER_PATH}/Realm.framework",
				"${TARGET_BUILD_DIR}/${FRAMEWORKS_FOLDER_PATH}/RealmSwift.framework",
				"${TARGET_BUILD_DIR}/${FRAMEWORKS_FOLDER_PATH}/SwipeCellKit.framework",
			);
			runOnlyForDeploymentPostprocessing = 0;
			shellPath = /bin/sh;
			shellScript = "\"${SRCROOT}/Pods/Target Support Files/Pods-Todoey/Pods-Todoey-frameworks.sh\"\n";
			showEnvVarsInLog = 0;
		};
		51A014D0C6AA4D8EC953743D /* [CP] Check Pods Manifest.lock */ = {
			isa = PBXShellScriptBuildPhase;
			buildActionMask = 2147483647;
			files = (
			);
			inputPaths = (
				"${PODS_PODFILE_DIR_PATH}/Podfile.lock",
				"${PODS_ROOT}/Manifest.lock",
			);
			name = "[CP] Check Pods Manifest.lock";
			outputPaths = (
				"$(DERIVED_FILE_DIR)/Pods-Todoey-checkManifestLockResult.txt",
			);
			runOnlyForDeploymentPostprocessing = 0;
			shellPath = /bin/sh;
			shellScript = "diff \"${PODS_PODFILE_DIR_PATH}/Podfile.lock\" \"${PODS_ROOT}/Manifest.lock\" > /dev/null\nif [ $? != 0 ] ; then\n    # print error to STDERR\n    echo \"error: The sandbox is not in sync with the Podfile.lock. Run 'pod install' or update your CocoaPods installation.\" >&2\n    exit 1\nfi\n# This output is used by Xcode 'outputs' to avoid re-running this script phase.\necho \"SUCCESS\" > \"${SCRIPT_OUTPUT_FILE_0}\"\n";
			showEnvVarsInLog = 0;
		};
/* End PBXShellScriptBuildPhase section */

/* Begin PBXSourcesBuildPhase section */
		1464D76F20EAAF6F0061C00E /* Sources */ = {
			isa = PBXSourcesBuildPhase;
			buildActionMask = 2147483647;
			files = (
				14AB06A120FAAF99003D8CAB /* Item.swift in Sources */,
				1464D77920EAAF700061C00E /* TodoListViewController.swift in Sources */,
				1464D77720EAAF700061C00E /* AppDelegate.swift in Sources */,
				14B77E8B20F3A4D9008E5AE2 /* CatergoryViewController.swift in Sources */,
				1496742220FD51C200157BEC /* SwipeTableViewController.swift in Sources */,
				14AB06A320FAAFA1003D8CAB /* Category.swift in Sources */,
			);
			runOnlyForDeploymentPostprocessing = 0;
		};
/* End PBXSourcesBuildPhase section */

/* Begin PBXVariantGroup section */
		1464D77A20EAAF700061C00E /* Main.storyboard */ = {
			isa = PBXVariantGroup;
			children = (
				1464D77B20EAAF700061C00E /* Base */,
			);
			name = Main.storyboard;
			sourceTree = "<group>";
		};
		1464D77F20EAAF710061C00E /* LaunchScreen.storyboard */ = {
			isa = PBXVariantGroup;
			children = (
				1464D78020EAAF710061C00E /* Base */,
			);
			name = LaunchScreen.storyboard;
			sourceTree = "<group>";
		};
/* End PBXVariantGroup section */

/* Begin XCBuildConfiguration section */
		1464D78320EAAF710061C00E /* Debug */ = {
			isa = XCBuildConfiguration;
			buildSettings = {
				ALWAYS_SEARCH_USER_PATHS = NO;
				CLANG_ANALYZER_NONNULL = YES;
				CLANG_ANALYZER_NUMBER_OBJECT_CONVERSION = YES_AGGRESSIVE;
				CLANG_CXX_LANGUAGE_STANDARD = "gnu++14";
				CLANG_CXX_LIBRARY = "libc++";
				CLANG_ENABLE_MODULES = YES;
				CLANG_ENABLE_OBJC_ARC = YES;
				CLANG_ENABLE_OBJC_WEAK = YES;
				CLANG_WARN_BLOCK_CAPTURE_AUTORELEASING = YES;
				CLANG_WARN_BOOL_CONVERSION = YES;
				CLANG_WARN_COMMA = YES;
				CLANG_WARN_CONSTANT_CONVERSION = YES;
				CLANG_WARN_DEPRECATED_OBJC_IMPLEMENTATIONS = YES;
				CLANG_WARN_DIRECT_OBJC_ISA_USAGE = YES_ERROR;
				CLANG_WARN_DOCUMENTATION_COMMENTS = YES;
				CLANG_WARN_EMPTY_BODY = YES;
				CLANG_WARN_ENUM_CONVERSION = YES;
				CLANG_WARN_INFINITE_RECURSION = YES;
				CLANG_WARN_INT_CONVERSION = YES;
				CLANG_WARN_NON_LITERAL_NULL_CONVERSION = YES;
				CLANG_WARN_OBJC_IMPLICIT_RETAIN_SELF = YES;
				CLANG_WARN_OBJC_LITERAL_CONVERSION = YES;
				CLANG_WARN_OBJC_ROOT_CLASS = YES_ERROR;
				CLANG_WARN_RANGE_LOOP_ANALYSIS = YES;
				CLANG_WARN_STRICT_PROTOTYPES = YES;
				CLANG_WARN_SUSPICIOUS_MOVE = YES;
				CLANG_WARN_UNGUARDED_AVAILABILITY = YES_AGGRESSIVE;
				CLANG_WARN_UNREACHABLE_CODE = YES;
				CLANG_WARN__DUPLICATE_METHOD_MATCH = YES;
				CODE_SIGN_IDENTITY = "iPhone Developer";
				COPY_PHASE_STRIP = NO;
				DEBUG_INFORMATION_FORMAT = dwarf;
				ENABLE_STRICT_OBJC_MSGSEND = YES;
				ENABLE_TESTABILITY = YES;
				GCC_C_LANGUAGE_STANDARD = gnu11;
				GCC_DYNAMIC_NO_PIC = NO;
				GCC_NO_COMMON_BLOCKS = YES;
				GCC_OPTIMIZATION_LEVEL = 0;
				GCC_PREPROCESSOR_DEFINITIONS = (
					"DEBUG=1",
					"$(inherited)",
				);
				GCC_WARN_64_TO_32_BIT_CONVERSION = YES;
				GCC_WARN_ABOUT_RETURN_TYPE = YES_ERROR;
				GCC_WARN_UNDECLARED_SELECTOR = YES;
				GCC_WARN_UNINITIALIZED_AUTOS = YES_AGGRESSIVE;
				GCC_WARN_UNUSED_FUNCTION = YES;
				GCC_WARN_UNUSED_VARIABLE = YES;
				IPHONEOS_DEPLOYMENT_TARGET = 11.3;
				MTL_ENABLE_DEBUG_INFO = YES;
				ONLY_ACTIVE_ARCH = YES;
				SDKROOT = iphoneos;
				SWIFT_ACTIVE_COMPILATION_CONDITIONS = DEBUG;
				SWIFT_OPTIMIZATION_LEVEL = "-Onone";
			};
			name = Debug;
		};
		1464D78420EAAF710061C00E /* Release */ = {
			isa = XCBuildConfiguration;
			buildSettings = {
				ALWAYS_SEARCH_USER_PATHS = NO;
				CLANG_ANALYZER_NONNULL = YES;
				CLANG_ANALYZER_NUMBER_OBJECT_CONVERSION = YES_AGGRESSIVE;
				CLANG_CXX_LANGUAGE_STANDARD = "gnu++14";
				CLANG_CXX_LIBRARY = "libc++";
				CLANG_ENABLE_MODULES = YES;
				CLANG_ENABLE_OBJC_ARC = YES;
				CLANG_ENABLE_OBJC_WEAK = YES;
				CLANG_WARN_BLOCK_CAPTURE_AUTORELEASING = YES;
				CLANG_WARN_BOOL_CONVERSION = YES;
				CLANG_WARN_COMMA = YES;
				CLANG_WARN_CONSTANT_CONVERSION = YES;
				CLANG_WARN_DEPRECATED_OBJC_IMPLEMENTATIONS = YES;
				CLANG_WARN_DIRECT_OBJC_ISA_USAGE = YES_ERROR;
				CLANG_WARN_DOCUMENTATION_COMMENTS = YES;
				CLANG_WARN_EMPTY_BODY = YES;
				CLANG_WARN_ENUM_CONVERSION = YES;
				CLANG_WARN_INFINITE_RECURSION = YES;
				CLANG_WARN_INT_CONVERSION = YES;
				CLANG_WARN_NON_LITERAL_NULL_CONVERSION = YES;
				CLANG_WARN_OBJC_IMPLICIT_RETAIN_SELF = YES;
				CLANG_WARN_OBJC_LITERAL_CONVERSION = YES;
				CLANG_WARN_OBJC_ROOT_CLASS = YES_ERROR;
				CLANG_WARN_RANGE_LOOP_ANALYSIS = YES;
				CLANG_WARN_STRICT_PROTOTYPES = YES;
				CLANG_WARN_SUSPICIOUS_MOVE = YES;
				CLANG_WARN_UNGUARDED_AVAILABILITY = YES_AGGRESSIVE;
				CLANG_WARN_UNREACHABLE_CODE = YES;
				CLANG_WARN__DUPLICATE_METHOD_MATCH = YES;
				CODE_SIGN_IDENTITY = "iPhone Developer";
				COPY_PHASE_STRIP = NO;
				DEBUG_INFORMATION_FORMAT = "dwarf-with-dsym";
				ENABLE_NS_ASSERTIONS = NO;
				ENABLE_STRICT_OBJC_MSGSEND = YES;
				GCC_C_LANGUAGE_STANDARD = gnu11;
				GCC_NO_COMMON_BLOCKS = YES;
				GCC_WARN_64_TO_32_BIT_CONVERSION = YES;
				GCC_WARN_ABOUT_RETURN_TYPE = YES_ERROR;
				GCC_WARN_UNDECLARED_SELECTOR = YES;
				GCC_WARN_UNINITIALIZED_AUTOS = YES_AGGRESSIVE;
				GCC_WARN_UNUSED_FUNCTION = YES;
				GCC_WARN_UNUSED_VARIABLE = YES;
				IPHONEOS_DEPLOYMENT_TARGET = 11.3;
				MTL_ENABLE_DEBUG_INFO = NO;
				SDKROOT = iphoneos;
				SWIFT_COMPILATION_MODE = wholemodule;
				SWIFT_OPTIMIZATION_LEVEL = "-O";
				VALIDATE_PRODUCT = YES;
			};
			name = Release;
		};
		1464D78620EAAF710061C00E /* Debug */ = {
			isa = XCBuildConfiguration;
			baseConfigurationReference = 5BCDACF9A7256549C37E3659 /* Pods-Todoey.debug.xcconfig */;
			buildSettings = {
				ASSETCATALOG_COMPILER_APPICON_NAME = AppIcon;
				CODE_SIGN_STYLE = Automatic;
				DEVELOPMENT_TEAM = W5H843N86W;
				INFOPLIST_FILE = Todoey/Info.plist;
				LD_RUNPATH_SEARCH_PATHS = "$(inherited) @executable_path/Frameworks";
				PRODUCT_BUNDLE_IDENTIFIER = me.devalen.Todoey;
				PRODUCT_NAME = "$(TARGET_NAME)";
				SWIFT_VERSION = 4.0;
				TARGETED_DEVICE_FAMILY = "1,2";
			};
			name = Debug;
		};
		1464D78720EAAF710061C00E /* Release */ = {
			isa = XCBuildConfiguration;
			baseConfigurationReference = 320FA6733F091A744239A7DC /* Pods-Todoey.release.xcconfig */;
			buildSettings = {
				ASSETCATALOG_COMPILER_APPICON_NAME = AppIcon;
				CODE_SIGN_STYLE = Automatic;
				DEVELOPMENT_TEAM = W5H843N86W;
				INFOPLIST_FILE = Todoey/Info.plist;
				LD_RUNPATH_SEARCH_PATHS = "$(inherited) @executable_path/Frameworks";
				PRODUCT_BUNDLE_IDENTIFIER = me.devalen.Todoey;
				PRODUCT_NAME = "$(TARGET_NAME)";
				SWIFT_VERSION = 4.0;
				TARGETED_DEVICE_FAMILY = "1,2";
			};
			name = Release;
		};
/* End XCBuildConfiguration section */

/* Begin XCConfigurationList section */
		1464D76E20EAAF6F0061C00E /* Build configuration list for PBXProject "Todoey" */ = {
			isa = XCConfigurationList;
			buildConfigurations = (
				1464D78320EAAF710061C00E /* Debug */,
				1464D78420EAAF710061C00E /* Release */,
			);
			defaultConfigurationIsVisible = 0;
			defaultConfigurationName = Release;
		};
		1464D78520EAAF710061C00E /* Build configuration list for PBXNativeTarget "Todoey" */ = {
			isa = XCConfigurationList;
			buildConfigurations = (
				1464D78620EAAF710061C00E /* Debug */,
				1464D78720EAAF710061C00E /* Release */,
			);
			defaultConfigurationIsVisible = 0;
			defaultConfigurationName = Release;
		};
/* End XCConfigurationList section */
	};
	rootObject = 1464D76B20EAAF6F0061C00E /* Project object */;
}
